{"version":4,"terraform_version":"1.11.5","serial":9,"lineage":"9d68c8e6-0c6c-db95-2b72-d3d9e2471c27","outputs":{"coder_public_ip":{"value":"129.80.174.192","type":"string"}},"resources":[{"mode":"data","type":"oci_core_images","name":"ubuntu_arm","provider":"provider[\"registry.opentofu.org/oracle/oci\"]","instances":[{"schema_version":0,"attributes":{"compartment_id":"ocid1.tenancy.oc1..aaaaaaaaii2snnz6ksuti4vgw2mtiqiryizzm5o2zga5jrn7wiryemvyd3aq","display_name":null,"filter":null,"id":"CoreImagesDataSource-3602397310","images":[{"agent_features":[],"base_image_id":"","billable_size_in_gbs":"2","compartment_id":"","create_image_allowed":true,"defined_tags":{},"display_name":"Canonical-Ubuntu-22.04-aarch64-2026.01.29-0","freeform_tags":{},"id":"ocid1.image.oc1.iad.aaaaaaaa3axglz7hak6fmtcrpfckybc4j7zkausb4xpbqwbfypzfsto2pdmq","image_source_details":[],"instance_id":"","launch_mode":"NATIVE","launch_options":[{"boot_volume_type":"PARAVIRTUALIZED","firmware":"UEFI_64","is_consistent_volume_naming_enabled":true,"is_pv_encryption_in_transit_enabled":true,"network_type":"PARAVIRTUALIZED","remote_data_volume_type":"PARAVIRTUALIZED"}],"listing_type":"","operating_system":"Canonical Ubuntu","operating_system_version":"22.04","size_in_mbs":"47694","state":"AVAILABLE","time_created":"2026-02-06 18:45:42.848 +0000 UTC"},{"agent_features":[],"base_image_id":"","billable_size_in_gbs":"2","compartment_id":"","create_image_allowed":true,"defined_tags":{},"display_name":"Canonical-Ubuntu-22.04-aarch64-2025.10.31-0","freeform_tags":{},"id":"ocid1.image.oc1.iad.aaaaaaaa5lh4ly5pkbwb6rnvgrc6v7zspxp4hrffzrawxrzowlemfrsbdv6a","image_source_details":[],"instance_id":"","launch_mode":"NATIVE","launch_options":[{"boot_volume_type":"PARAVIRTUALIZED","firmware":"UEFI_64","is_consistent_volume_naming_enabled":true,"is_pv_encryption_in_transit_enabled":true,"network_type":"PARAVIRTUALIZED","remote_data_volume_type":"PARAVIRTUALIZED"}],"listing_type":"","operating_system":"Canonical Ubuntu","operating_system_version":"22.04","size_in_mbs":"47694","state":"AVAILABLE","time_created":"2025-11-11 05:23:12.045 +0000 UTC"},{"agent_features":[],"base_image_id":"","billable_size_in_gbs":"2","compartment_id":"","create_image_allowed":true,"defined_tags":{},"display_name":"Canonical-Ubuntu-22.04-aarch64-2025.09.26-0","freeform_tags":{},"id":"ocid1.image.oc1.iad.aaaaaaaaqvekdhyqf3ryy5jpybybbb6qwbjlnidteixwsbdhvhjurfuaue3q","image_source_details":[],"instance_id":"","launch_mode":"NATIVE","launch_options":[{"boot_volume_type":"PARAVIRTUALIZED","firmware":"UEFI_64","is_consistent_volume_naming_enabled":true,"is_pv_encryption_in_transit_enabled":true,"network_type":"PARAVIRTUALIZED","remote_data_volume_type":"PARAVIRTUALIZED"}],"listing_type":"","operating_system":"Canonical Ubuntu","operating_system_version":"22.04","size_in_mbs":"47694","state":"AVAILABLE","time_created":"2025-10-02 14:28:16.15 +0000 UTC"}],"operating_system":"Canonical Ubuntu","operating_system_version":"22.04","shape":"VM.Standard.A1.Flex","sort_by":"TIMECREATED","sort_order":"DESC","state":null},"sensitive_attributes":[]}]},{"mode":"data","type":"oci_identity_availability_domains","name":"ads","provider":"provider[\"registry.opentofu.org/oracle/oci\"]","instances":[{"schema_version":0,"attributes":{"availability_domains":[{"compartment_id":"ocid1.tenancy.oc1..aaaaaaaaii2snnz6ksuti4vgw2mtiqiryizzm5o2zga5jrn7wiryemvyd3aq","id":"ocid1.availabilitydomain.oc1..aaaaaaaatrwxaogr7dl4yschqtrmqrdv6uzis3mgbnomiagqrfhcb7mxsfdq","name":"CEwI:US-ASHBURN-AD-1"},{"compartment_id":"ocid1.tenancy.oc1..aaaaaaaaii2snnz6ksuti4vgw2mtiqiryizzm5o2zga5jrn7wiryemvyd3aq","id":"ocid1.availabilitydomain.oc1..aaaaaaaaztunlny6ae4yw2vghp5go2zceaonwp6wiioe3tnh2vlaxjjl2n3a","name":"CEwI:US-ASHBURN-AD-2"},{"compartment_id":"ocid1.tenancy.oc1..aaaaaaaaii2snnz6ksuti4vgw2mtiqiryizzm5o2zga5jrn7wiryemvyd3aq","id":"ocid1.availabilitydomain.oc1..aaaaaaaauvt2n7pijol7uqgdnnsoojcukrijtmcltvfwxazmitk235wyohta","name":"CEwI:US-ASHBURN-AD-3"}],"compartment_id":"ocid1.tenancy.oc1..aaaaaaaaii2snnz6ksuti4vgw2mtiqiryizzm5o2zga5jrn7wiryemvyd3aq","filter":null,"id":"IdentityAvailabilityDomainsDataSource-2475135671"},"sensitive_attributes":[]}]},{"mode":"managed","type":"oci_core_default_route_table","name":"default_rt","provider":"provider[\"registry.opentofu.org/oracle/oci\"]","instances":[{"schema_version":0,"attributes":{"compartment_id":"ocid1.tenancy.oc1..aaaaaaaaii2snnz6ksuti4vgw2mtiqiryizzm5o2zga5jrn7wiryemvyd3aq","defined_tags":{"Oracle-Tags.CreatedBy":"default/jefersonlopes.br@gmail.com","Oracle-Tags.CreatedOn":"2026-03-03T12:22:13.899Z"},"display_name":"Default Route Table for sovereign-cibrid-vcn","freeform_tags":{},"id":"ocid1.routetable.oc1.iad.aaaaaaaad5qosdw7ennmnsspdiazpokjzijgi75tjx5zxuv4dzchng7rhaga","manage_default_resource_id":"ocid1.routetable.oc1.iad.aaaaaaaad5qosdw7ennmnsspdiazpokjzijgi75tjx5zxuv4dzchng7rhaga","route_rules":[{"cidr_block":"","description":"","destination":"0.0.0.0/0","destination_type":"CIDR_BLOCK","network_entity_id":"ocid1.internetgateway.oc1.iad.aaaaaaaa2pzvewigxkan4ceppccwqlqicx2ny5vmochrkhu4rvshl33i6dxq","route_type":""}],"state":"AVAILABLE","time_created":"2026-03-03 12:22:13.956 +0000 UTC","timeouts":null},"sensitive_attributes":[],"private":"eyJlMmJmYjczMC1lY2FhLTExZTYtOGY4OC0zNDM2M2JjN2M0YzAiOnsiY3JlYXRlIjoxMjAwMDAwMDAwMDAwLCJkZWxldGUiOjEyMDAwMDAwMDAwMDAsInVwZGF0ZSI6MTIwMDAwMDAwMDAwMH19","dependencies":["oci_core_internet_gateway.igw","oci_core_vcn.sovereign_vcn"]}]},{"mode":"managed","type":"oci_core_default_security_list","name":"default_sl","provider":"provider[\"registry.opentofu.org/oracle/oci\"]","instances":[{"schema_version":0,"attributes":{"compartment_id":"ocid1.tenancy.oc1..aaaaaaaaii2snnz6ksuti4vgw2mtiqiryizzm5o2zga5jrn7wiryemvyd3aq","defined_tags":{"Oracle-Tags.CreatedBy":"default/jefersonlopes.br@gmail.com","Oracle-Tags.CreatedOn":"2026-03-03T12:22:13.899Z"},"display_name":"Default Security List for sovereign-cibrid-vcn","egress_security_rules":[{"description":"","destination":"0.0.0.0/0","destination_type":"CIDR_BLOCK","icmp_options":[],"protocol":"all","stateless":false,"tcp_options":[],"udp_options":[]}],"freeform_tags":{},"id":"ocid1.securitylist.oc1.iad.aaaaaaaaj34xig3djgr5wv7si6f4c77gr6sohyjyzyoqqtdlz454s4viv6na","ingress_security_rules":[{"description":"","icmp_options":[],"protocol":"1","source":"0.0.0.0/0","source_type":"CIDR_BLOCK","stateless":false,"tcp_options":[],"udp_options":[]},{"description":"","icmp_options":[],"protocol":"6","source":"0.0.0.0/0","source_type":"CIDR_BLOCK","stateless":false,"tcp_options":[{"max":22,"min":22,"source_port_range":[]}],"udp_options":[]}],"manage_default_resource_id":"ocid1.securitylist.oc1.iad.aaaaaaaaj34xig3djgr5wv7si6f4c77gr6sohyjyzyoqqtdlz454s4viv6na","state":"AVAILABLE","time_created":"2026-03-03 12:22:13.956 +0000 UTC","timeouts":null},"sensitive_attributes":[],"private":"eyJlMmJmYjczMC1lY2FhLTExZTYtOGY4OC0zNDM2M2JjN2M0YzAiOnsiY3JlYXRlIjoxMjAwMDAwMDAwMDAwLCJkZWxldGUiOjEyMDAwMDAwMDAwMDAsInVwZGF0ZSI6MTIwMDAwMDAwMDAwMH19","dependencies":["oci_core_vcn.sovereign_vcn"]}]},{"mode":"managed","type":"oci_core_instance","name":"the_coder","provider":"provider[\"registry.opentofu.org/oracle/oci\"]","instances":[{"schema_version":0,"attributes":{"agent_config":[{"are_all_plugins_disabled":false,"is_management_disabled":false,"is_monitoring_disabled":false,"plugins_config":[]}],"async":null,"availability_config":[{"is_live_migration_preferred":false,"recovery_action":"RESTORE_INSTANCE"}],"availability_domain":"CEwI:US-ASHBURN-AD-1","boot_volume_id":"ocid1.bootvolume.oc1.iad.abuwcljtgo74vz37idxvl5cxzx7y56xzfvgqpbgiqtomf3zmsiv77xtzrc3q","capacity_reservation_id":null,"cluster_placement_group_id":null,"compartment_id":"ocid1.tenancy.oc1..aaaaaaaaii2snnz6ksuti4vgw2mtiqiryizzm5o2zga5jrn7wiryemvyd3aq","compute_cluster_id":null,"create_vnic_details":[{"assign_ipv6ip":false,"assign_private_dns_record":false,"assign_public_ip":"true","defined_tags":{"Oracle-Tags.CreatedBy":"default/jefersonlopes.br@gmail.com","Oracle-Tags.CreatedOn":"2026-03-03T12:22:17.902Z"},"display_name":"primaryvnic","freeform_tags":{},"hostname_label":"","ipv6address_ipv6subnet_cidr_pair_details":[],"nsg_ids":[],"private_ip":"10.0.1.213","skip_source_dest_check":false,"subnet_id":"ocid1.subnet.oc1.iad.aaaaaaaagrvkfrfoo5uemusb45tibetlml4hwpfeaqx6fzafxr7qa4hwn5ga","vlan_id":""}],"dedicated_vm_host_id":null,"defined_tags":{"Oracle-Tags.CreatedBy":"default/jefersonlopes.br@gmail.com","Oracle-Tags.CreatedOn":"2026-03-03T12:22:17.794Z"},"display_name":"sovereign-coder-node","extended_metadata":{},"fault_domain":"FAULT-DOMAIN-3","freeform_tags":{},"hostname_label":"","id":"ocid1.instance.oc1.iad.anuwcljtzpldu3aci4h4lweut2p2wlwxgodhpzuhnyki6y5bowz7s33fb7nq","image":"ocid1.image.oc1.iad.aaaaaaaa3axglz7hak6fmtcrpfckybc4j7zkausb4xpbqwbfypzfsto2pdmq","instance_configuration_id":null,"instance_options":[{"are_legacy_imds_endpoints_disabled":false}],"ipxe_script":null,"is_cross_numa_node":false,"is_pv_encryption_in_transit_enabled":null,"launch_mode":"PARAVIRTUALIZED","launch_options":[{"boot_volume_type":"PARAVIRTUALIZED","firmware":"UEFI_64","is_consistent_volume_naming_enabled":true,"is_pv_encryption_in_transit_enabled":false,"network_type":"PARAVIRTUALIZED","remote_data_volume_type":"PARAVIRTUALIZED"}],"launch_volume_attachments":null,"metadata":{"user_data":"I2Nsb3VkLWNvbmZpZwoKc3NoX2F1dGhvcml6ZWRfa2V5czoKICAtIHNzaC1lZDI1NTE5IEFBQUFDM056YUMxbFpESTFOVEU1QUFBQUlHUVVBbjFTc2llMGxYQSsxNzZNbDBEZ1hIak45SUxHWittQUNITW92OUpiIGplZmVyc29ubG9wZXMuYnJAZ21haWwuY29tCgpwYWNrYWdlX3VwZGF0ZTogdHJ1ZQpwYWNrYWdlX3VwZ3JhZGU6IHRydWUKCnBhY2thZ2VzOgogIC0gY3VybAogIC0gd2dldAogIC0gZ2l0CiAgLSB6cmFtLXRvb2xzCgp3cml0ZV9maWxlczoKICAtIHBhdGg6IC9ldGMvZGVmYXVsdC96cmFtc3dhcAogICAgY29udGVudDogfAogICAgICBBTEdPPWx6NAogICAgICBQRVJDRU5UPTMzCiAgICBvd25lcjogcm9vdDpyb290CiAgICBwZXJtaXNzaW9uczogJzA2NDQnCgogIC0gcGF0aDogL2V0Yy9zeXN0ZW1kL3N5c3RlbS9vbGxhbWEuc2VydmljZS5kL292ZXJyaWRlLmNvbmYKICAgIGNvbnRlbnQ6IHwKICAgICAgW1NlcnZpY2VdCiAgICAgIEVudmlyb25tZW50PSJPTExBTUFfSE9TVD0wLjAuMC4wOjExNDM0IgogICAgICBFbnZpcm9ubWVudD0iT0xMQU1BX0ZMQVNIX0FUVEVOVElPTj0xIgogICAgICBFbnZpcm9ubWVudD0iT0xMQU1BX05VTV9QQVJBTExFTD00IgogICAgICBFbnZpcm9ubWVudD0iT0xMQU1BX0tFRVBfQUxJVkU9MjRoIgogICAgb3duZXI6IHJvb3Q6cm9vdAogICAgcGVybWlzc2lvbnM6ICcwNjQ0JwoKcnVuY21kOgogICMgMS4gQXBwbHkgWlJBTSBDb25maWcgZm9yIEhlYXZ5IExMTXMKICAtIHN5c3RlbWN0bCByZXN0YXJ0IHpyYW1zd2FwCgogICMgMi4gSW5zdGFsbCBUYWlsc2NhbGUgYW5kIGpvaW4gU292ZXJlaWduIE1lc2gKICAtIGN1cmwgLWZzU0wgaHR0cHM6Ly90YWlsc2NhbGUuY29tL2luc3RhbGwuc2ggfCBzaAogIC0gdGFpbHNjYWxlIHVwIC0tYXV0aGtleT10c2tleS1hdXRoLS4uLiAtLXNzaCAtLWFjY2VwdC1kbnM9dHJ1ZQoKICAjIDMuIEluc3RhbGwgT2xsYW1hIEVuZ2luZQogIC0gY3VybCAtZnNTTCBodHRwczovL29sbGFtYS5jb20vaW5zdGFsbC5zaCB8IHNoCiAgLSBzeXN0ZW1jdGwgZGFlbW9uLXJlbG9hZAogIC0gc3lzdGVtY3RsIGVuYWJsZSBvbGxhbWEKICAtIHN5c3RlbWN0bCByZXN0YXJ0IG9sbGFtYQoKICAjIDQuIFB1bGwgVGhlIENvZGVyIChhbmQgVGhlIERvY3RvcikgTW9kZWxzIEFzeW5jaHJvbm91c2x5CiAgIyBXZSB1c2UgZGV0YWNoZWQgcHJvY2Vzc2VzIHNvIHRoZSBWTSBmaW5pc2hlcyBib290aW5nIHF1aWNrbHkKICAtIHJ1bnVzZXIgLWwgcm9vdCAtYyAibm9odXAgb2xsYW1hIHB1bGwgcXdlbjIuNS1jb2Rlcjo3YiA+IC92YXIvbG9nL29sbGFtYV9wdWxsX2NvZGVyLmxvZyAyPiYxICYiCiAgLSBydW51c2VyIC1sIHJvb3QgLWMgIm5vaHVwIG9sbGFtYSBwdWxsIGxsYW1hMy4yOjNiID4gL3Zhci9sb2cvb2xsYW1hX3B1bGxfZG9jdG9yLmxvZyAyPiYxICYiCg=="},"platform_config":[],"preemptible_instance_config":[],"preserve_boot_volume":null,"preserve_data_volumes_created_at_launch":null,"private_ip":"10.0.1.213","public_ip":"129.80.174.192","region":"iad","shape":"VM.Standard.A1.Flex","shape_config":[{"baseline_ocpu_utilization":"","gpu_description":"","gpus":0,"local_disk_description":"","local_disks":0,"local_disks_total_size_in_gbs":0,"max_vnic_attachments":6,"memory_in_gbs":32,"networking_bandwidth_in_gbps":6,"nvmes":0,"ocpus":6,"processor_description":"3.0 GHz Ampere® Altra™","vcpus":6}],"source_details":[{"boot_volume_size_in_gbs":"50","boot_volume_vpus_per_gb":"10","instance_source_image_filter_details":[],"is_preserve_boot_volume_enabled":false,"kms_key_id":"","source_id":"ocid1.image.oc1.iad.aaaaaaaa3axglz7hak6fmtcrpfckybc4j7zkausb4xpbqwbfypzfsto2pdmq","source_type":"image"}],"state":"RUNNING","subnet_id":"ocid1.subnet.oc1.iad.aaaaaaaagrvkfrfoo5uemusb45tibetlml4hwpfeaqx6fzafxr7qa4hwn5ga","system_tags":{},"time_created":"2026-03-03 12:22:18.276 +0000 UTC","time_maintenance_reboot_due":"","timeouts":null,"update_operation_constraint":null},"sensitive_attributes":[[{"type":"get_attr","value":"metadata"},{"type":"index","value":{"value":"user_data","type":"string"}}]],"private":"eyJlMmJmYjczMC1lY2FhLTExZTYtOGY4OC0zNDM2M2JjN2M0YzAiOnsiY3JlYXRlIjoyNzAwMDAwMDAwMDAwLCJkZWxldGUiOjQ1MDAwMDAwMDAwMDAsInVwZGF0ZSI6MjcwMDAwMDAwMDAwMH19","dependencies":["data.oci_core_images.ubuntu_arm","data.oci_identity_availability_domains.ads","oci_core_subnet.public_subnet","oci_core_vcn.sovereign_vcn"]}]},{"mode":"managed","type":"oci_core_internet_gateway","name":"igw","provider":"provider[\"registry.opentofu.org/oracle/oci\"]","instances":[{"schema_version":0,"attributes":{"compartment_id":"ocid1.tenancy.oc1..aaaaaaaaii2snnz6ksuti4vgw2mtiqiryizzm5o2zga5jrn7wiryemvyd3aq","defined_tags":{"Oracle-Tags.CreatedBy":"default/jefersonlopes.br@gmail.com","Oracle-Tags.CreatedOn":"2026-03-03T12:22:15.193Z"},"display_name":"sovereign-igw","enabled":true,"freeform_tags":{},"id":"ocid1.internetgateway.oc1.iad.aaaaaaaa2pzvewigxkan4ceppccwqlqicx2ny5vmochrkhu4rvshl33i6dxq","route_table_id":null,"state":"AVAILABLE","time_created":"2026-03-03 12:22:15.228 +0000 UTC","timeouts":null,"vcn_id":"ocid1.vcn.oc1.iad.amaaaaaazpldu3aa5d62cohigfjhxyj3eqzgawp5yen7zrthyhbujjqfgcrq"},"sensitive_attributes":[],"private":"eyJlMmJmYjczMC1lY2FhLTExZTYtOGY4OC0zNDM2M2JjN2M0YzAiOnsiY3JlYXRlIjoxMjAwMDAwMDAwMDAwLCJkZWxldGUiOjEyMDAwMDAwMDAwMDAsInVwZGF0ZSI6MTIwMDAwMDAwMDAwMH19","dependencies":["oci_core_vcn.sovereign_vcn"]}]},{"mode":"managed","type":"oci_core_subnet","name":"public_subnet","provider":"provider[\"registry.opentofu.org/oracle/oci\"]","instances":[{"schema_version":0,"attributes":{"availability_domain":null,"cidr_block":"10.0.1.0/24","compartment_id":"ocid1.tenancy.oc1..aaaaaaaaii2snnz6ksuti4vgw2mtiqiryizzm5o2zga5jrn7wiryemvyd3aq","defined_tags":{"Oracle-Tags.CreatedBy":"default/jefersonlopes.br@gmail.com","Oracle-Tags.CreatedOn":"2026-03-03T12:22:14.746Z"},"dhcp_options_id":"ocid1.dhcpoptions.oc1.iad.aaaaaaaa35i42swto4srps7ewalvp5jjgnb5tcdidpou6vhgchtt5ttgrrnq","display_name":"sovereign-public-subnet","dns_label":null,"freeform_tags":{},"id":"ocid1.subnet.oc1.iad.aaaaaaaagrvkfrfoo5uemusb45tibetlml4hwpfeaqx6fzafxr7qa4hwn5ga","ipv6cidr_block":null,"ipv6cidr_blocks":[],"ipv6virtual_router_ip":null,"prohibit_internet_ingress":false,"prohibit_public_ip_on_vnic":false,"route_table_id":"ocid1.routetable.oc1.iad.aaaaaaaad5qosdw7ennmnsspdiazpokjzijgi75tjx5zxuv4dzchng7rhaga","security_list_ids":["ocid1.securitylist.oc1.iad.aaaaaaaaj34xig3djgr5wv7si6f4c77gr6sohyjyzyoqqtdlz454s4viv6na"],"state":"AVAILABLE","subnet_domain_name":null,"time_created":"2026-03-03 12:22:14.788 +0000 UTC","timeouts":null,"vcn_id":"ocid1.vcn.oc1.iad.amaaaaaazpldu3aa5d62cohigfjhxyj3eqzgawp5yen7zrthyhbujjqfgcrq","virtual_router_ip":"10.0.1.1","virtual_router_mac":"00:00:17:08:BE:3E"},"sensitive_attributes":[],"private":"eyJlMmJmYjczMC1lY2FhLTExZTYtOGY4OC0zNDM2M2JjN2M0YzAiOnsiY3JlYXRlIjoxMjAwMDAwMDAwMDAwLCJkZWxldGUiOjEyMDAwMDAwMDAwMDAsInVwZGF0ZSI6MTIwMDAwMDAwMDAwMH19","dependencies":["oci_core_vcn.sovereign_vcn"]}]},{"mode":"managed","type":"oci_core_vcn","name":"sovereign_vcn","provider":"provider[\"registry.opentofu.org/oracle/oci\"]","instances":[{"schema_version":0,"attributes":{"byoipv6cidr_blocks":[],"byoipv6cidr_details":null,"cidr_block":"10.0.0.0/16","cidr_blocks":["10.0.0.0/16"],"compartment_id":"ocid1.tenancy.oc1..aaaaaaaaii2snnz6ksuti4vgw2mtiqiryizzm5o2zga5jrn7wiryemvyd3aq","default_dhcp_options_id":"ocid1.dhcpoptions.oc1.iad.aaaaaaaa35i42swto4srps7ewalvp5jjgnb5tcdidpou6vhgchtt5ttgrrnq","default_route_table_id":"ocid1.routetable.oc1.iad.aaaaaaaad5qosdw7ennmnsspdiazpokjzijgi75tjx5zxuv4dzchng7rhaga","default_security_list_id":"ocid1.securitylist.oc1.iad.aaaaaaaaj34xig3djgr5wv7si6f4c77gr6sohyjyzyoqqtdlz454s4viv6na","defined_tags":{"Oracle-Tags.CreatedBy":"default/jefersonlopes.br@gmail.com","Oracle-Tags.CreatedOn":"2026-03-03T12:22:13.899Z"},"display_name":"sovereign-cibrid-vcn","dns_label":null,"freeform_tags":{},"id":"ocid1.vcn.oc1.iad.amaaaaaazpldu3aa5d62cohigfjhxyj3eqzgawp5yen7zrthyhbujjqfgcrq","ipv6cidr_blocks":[],"ipv6private_cidr_blocks":[],"is_ipv6enabled":false,"is_oracle_gua_allocation_enabled":null,"state":"AVAILABLE","time_created":"2026-03-03 12:22:13.956 +0000 UTC","timeouts":null,"vcn_domain_name":null},"sensitive_attributes":[],"private":"eyJlMmJmYjczMC1lY2FhLTExZTYtOGY4OC0zNDM2M2JjN2M0YzAiOnsiY3JlYXRlIjoxMjAwMDAwMDAwMDAwLCJkZWxldGUiOjEyMDAwMDAwMDAwMDAsInVwZGF0ZSI6MTIwMDAwMDAwMDAwMH19"}]}],"check_results":null}
